Microsoft Visual Studio Solution File, Format Version 12.00
# Visual Studio Version 16
VisualStudioVersion = 16.0.30503.244
MinimumVisualStudioVersion = 10.0.40219.1
Project("{9A19103F-16F7-4668-BE54-9A1E7A4F7556}") = "claimsbot", "claimsbot\claimsbot.csproj", "{3714B96A-CD1C-41B2-9CB6-A7FBE0C5836E}"
EndProject
Project("{9A19103F-16F7-4668-BE54-9A1E7A4F7556}") = "UploadToStorage", "storage\UploadToStorage.csproj", "{9CA5985E-0429-45F8-8DB9-9DC99BE0B6C6}"
EndProject
Global
	GlobalSection(SolutionConfigurationPlatforms) = preSolution
		Debug|Any CPU = Debug|Any CPU
		Release|Any CPU = Release|Any CPU
	EndGlobalSection
	GlobalSection(ProjectConfigurationPlatforms) = postSolution
		{3714B96A-CD1C-41B2-9CB6-A7FBE0C5836E}.Debug|Any CPU.ActiveCfg = Debug|Any CPU
		{3714B96A-CD1C-41B2-9CB6-A7FBE0C5836E}.Debug|Any CPU.Build.0 = Debug|Any CPU
		{3714B96A-CD1C-41B2-9CB6-A7FBE0C5836E}.Release|Any CPU.ActiveCfg = Release|Any CPU
		{3714B96A-CD1C-41B2-9CB6-A7FBE0C5836E}.Release|Any CPU.Build.0 = Release|Any CPU
		{9CA5985E-0429-45F8-8DB9-9DC99BE0B6C6}.Debug|Any CPU.ActiveCfg = Debug|Any CPU
		{9CA5985E-0429-45F8-8DB9-9DC99BE0B6C6}.Debug|Any CPU.Build.0 = Debug|Any CPU
		{9CA5985E-0429-45F8-8DB9-9DC99BE0B6C6}.Release|Any CPU.ActiveCfg = Release|Any CPU
		{9CA5985E-0429-45F8-8DB9-9DC99BE0B6C6}.Release|Any CPU.Build.0 = Release|Any CPU
	EndGlobalSection
	GlobalSection(SolutionProperties) = preSolution
		HideSolutionNode = FALSE
	EndGlobalSection
	GlobalSection(ExtensibilityGlobals) = postSolution
		SolutionGuid = {DF720A1A-4383-408D-8BCB-B895B1DE8773}
	EndGlobalSection
EndGlobal
